
Microsoft Visual Studio Solution File, Format Version 12.00
# Visual Studio Version 16
VisualStudioVersion = 16.0.30204.135
MinimumVisualStudioVersion = 10.0.40219.1
Project("{FAE04EC0-301F-11D3-BF4B-00C04F79EFBC}") = "TestPanier", "TestPanier.csproj", "{3B1D1DED-CE3C-4311-8C06-684781931A88}"
EndProject
Global
	GlobalSection(SolutionConfigurationPlatforms) = preSolution
		Debug|Any CPU = Debug|Any CPU
		Release|Any CPU = Release|Any CPU
	EndGlobalSection
	GlobalSection(ProjectConfigurationPlatforms) = postSolution
		{3B1D1DED-CE3C-4311-8C06-684781931A88}.Debug|Any CPU.ActiveCfg = Debug|Any CPU
		{3B1D1DED-CE3C-4311-8C06-684781931A88}.Debug|Any CPU.Build.0 = Debug|Any CPU
		{3B1D1DED-CE3C-4311-8C06-684781931A88}.Release|Any CPU.ActiveCfg = Release|Any CPU
		{3B1D1DED-CE3C-4311-8C06-684781931A88}.Release|Any CPU.Build.0 = Release|Any CPU
	EndGlobalSection
	GlobalSection(SolutionProperties) = preSolution
		HideSolutionNode = FALSE
	EndGlobalSection
	GlobalSection(ExtensibilityGlobals) = postSolution
		SolutionGuid = {D0014745-73D2-4469-8041-0E6587902651}
	EndGlobalSection
EndGlobal
